
Microsoft Visual Studio Solution File, Format Version 12.00
# Visual Studio Version 17
VisualStudioVersion = 17.14.37216.2 d17.14
MinimumVisualStudioVersion = 10.0.40219.1
Project("{FAE04EC0-301F-11D3-BF4B-00C04F79EFBC}") = "TertiaryInstitutions", "TertiaryInstitutions.csproj", "{9CD3CA03-76FA-423C-A832-72451C2884B1}"
EndProject
Global
	GlobalSection(SolutionConfigurationPlatforms) = preSolution
		Debug|Any CPU = Debug|Any CPU
		Release|Any CPU = Release|Any CPU
	EndGlobalSection
	GlobalSection(ProjectConfigurationPlatforms) = postSolution
		{9CD3CA03-76FA-423C-A832-72451C2884B1}.Debug|Any CPU.ActiveCfg = Debug|Any CPU
		{9CD3CA03-76FA-423C-A832-72451C2884B1}.Debug|Any CPU.Build.0 = Debug|Any CPU
		{9CD3CA03-76FA-423C-A832-72451C2884B1}.Release|Any CPU.ActiveCfg = Release|Any CPU
		{9CD3CA03-76FA-423C-A832-72451C2884B1}.Release|Any CPU.Build.0 = Release|Any CPU
	EndGlobalSection
	GlobalSection(SolutionProperties) = preSolution
		HideSolutionNode = FALSE
	EndGlobalSection
	GlobalSection(ExtensibilityGlobals) = postSolution
		SolutionGuid = {807D7294-4680-409A-9C28-64A75BE792CB}
	EndGlobalSection
EndGlobal
